
Microsoft Visual Studio Solution File, Format Version 12.00
# Visual Studio 15
VisualStudioVersion = 15.0.28307.168
MinimumVisualStudioVersion = 10.0.40219.1
Project("{FAE04EC0-301F-11D3-BF4B-00C04F79EFBC}") = "Diary", "Agenda\Diary.csproj", "{48E94E9C-9702-4706-B5E8-AD36B28BFD36}"
EndProject
Global
	GlobalSection(SolutionConfigurationPlatforms) = preSolution
		Debug|Any CPU = Debug|Any CPU
		Release|Any CPU = Release|Any CPU
	EndGlobalSection
	GlobalSection(ProjectConfigurationPlatforms) = postSolution
		{48E94E9C-9702-4706-B5E8-AD36B28BFD36}.Debug|Any CPU.ActiveCfg = Debug|Any CPU
		{48E94E9C-9702-4706-B5E8-AD36B28BFD36}.Debug|Any CPU.Build.0 = Debug|Any CPU
		{48E94E9C-9702-4706-B5E8-AD36B28BFD36}.Release|Any CPU.ActiveCfg = Release|Any CPU
		{48E94E9C-9702-4706-B5E8-AD36B28BFD36}.Release|Any CPU.Build.0 = Release|Any CPU
	EndGlobalSection
	GlobalSection(SolutionProperties) = preSolution
		HideSolutionNode = FALSE
	EndGlobalSection
	GlobalSection(ExtensibilityGlobals) = postSolution
		SolutionGuid = {CCECB1B5-09E1-4051-9B96-2D1DAB22C2E1}
	EndGlobalSection
EndGlobal
